# THIS IS AN AUTOGENERATED FILE. DO NOT EDIT THIS FILE DIRECTLY.
# yarn lockfile v1


"@aspnet/signalr@^1.0.2":
  version "1.0.2"
  resolved "https://registry.yarnpkg.com/@aspnet/signalr/-/signalr-1.0.2.tgz#c9b328db7d01b6d07e7532f130b4a32d9159506a"

"@types/node@^10.5.2":
  version "10.5.2"
  resolved "https://registry.yarnpkg.com/@types/node/-/node-10.5.2.tgz#f19f05314d5421fe37e74153254201a7bf00a707"

xmlhttprequest@^1.8.0:
  version "1.8.0"
  resolved "https://registry.yarnpkg.com/xmlhttprequest/-/xmlhttprequest-1.8.0.tgz#67fe075c5c24fef39f9d65f5f7b7fe75171968fc"
